
Microsoft Visual Studio Solution File, Format Version 12.00
# Visual Studio Version 16
VisualStudioVersion = 16.0.30523.141
MinimumVisualStudioVersion = 10.0.40219.1
Project("{FAE04EC0-301F-11D3-BF4B-00C04F79EFBC}") = "Wchain", "Wchain\Wchain.csproj", "{BFC07BF6-4EDA-4231-B6D5-9F8400FCF50D}"
EndProject
Global
	GlobalSection(SolutionConfigurationPlatforms) = preSolution
		Debug|Any CPU = Debug|Any CPU
		Release|Any CPU = Release|Any CPU
	EndGlobalSection
	GlobalSection(ProjectConfigurationPlatforms) = postSolution
		{BFC07BF6-4EDA-4231-B6D5-9F8400FCF50D}.Debug|Any CPU.ActiveCfg = Debug|Any CPU
		{BFC07BF6-4EDA-4231-B6D5-9F8400FCF50D}.Debug|Any CPU.Build.0 = Debug|Any CPU
		{BFC07BF6-4EDA-4231-B6D5-9F8400FCF50D}.Release|Any CPU.ActiveCfg = Release|Any CPU
		{BFC07BF6-4EDA-4231-B6D5-9F8400FCF50D}.Release|Any CPU.Build.0 = Release|Any CPU
	EndGlobalSection
	GlobalSection(SolutionProperties) = preSolution
		HideSolutionNode = FALSE
	EndGlobalSection
	GlobalSection(ExtensibilityGlobals) = postSolution
		SolutionGuid = {39DCD4C5-A761-4ECD-A784-9C967F6E21E7}
	EndGlobalSection
EndGlobal
